PODS:
  - devicelocale (0.0.1):
    - Flutter
  - Flutter (1.0.0)
  - flutter_stetho (0.0.1):
    - Flutter
  - package_info (0.0.1):
    - Flutter
  - path_provider (0.0.1):
    - Flutter
  - shared_preferences (0.0.1):
    - Flutter

DEPENDENCIES:
  - devicelocale (from `.symlinks/plugins/devicelocale/ios`)
  - Flutter (from `.symlinks/flutter/ios`)
  - flutter_stetho (from `.symlinks/plugins/flutter_stetho/ios`)
  - package_info (from `.symlinks/plugins/package_info/ios`)
  - path_provider (from `.symlinks/plugins/path_provider/ios`)
  - shared_preferences (from `.symlinks/plugins/shared_preferences/ios`)

EXTERNAL SOURCES:
  devicelocale:
    :path: ".symlinks/plugins/devicelocale/ios"
  Flutter:
    :path: ".symlinks/flutter/ios"
  flutter_stetho:
    :path: ".symlinks/plugins/flutter_stetho/ios"
  package_info:
    :path: ".symlinks/plugins/package_info/ios"
  path_provider:
    :path: ".symlinks/plugins/path_provider/ios"
  shared_preferences:
    :path: ".symlinks/plugins/shared_preferences/ios"

SPEC CHECKSUMS:
  devicelocale: c1be0ad8a4bc50c184faf25bf8abe318e9bd69ba
  Flutter: 9d0fac939486c9aba2809b7982dfdbb47a7b0296
  flutter_stetho: 21464137ea9bb03914912de8916a7acfdcbfc0a5
  package_info: d7c98b64f60add4c2908b9d94d82a45d3c8827ad
  path_provider: 09407919825bfe3c2deae39453b7a5b44f467873
  shared_preferences: 5a1d487c427ee18fcd3ea1f2a131569481834b53

PODFILE CHECKSUM: aff02bfeed411c636180d6812254b2daeea14d09

COCOAPODS: 1.5.3
