PODS:
  - devicelocale (0.0.1):
    - Flutter
  - Flutter (1.0.0)
  - flutter_stetho (0.0.1):
    - Flutter
  - package_info (0.0.1):
    - Flutter
  - path_provider (0.0.1):
    - Flutter
  - shared_preferences (0.0.1):
    - Flutter

DEPENDENCIES:
  - devicelocale (from `.symlinks/plugins/devicelocale/ios`)
  - Flutter (from `.symlinks/flutter/ios`)
  - flutter_stetho (from `.symlinks/plugins/flutter_stetho/ios`)
  - package_info (from `.symlinks/plugins/package_info/ios`)
  - path_provider (from `.symlinks/plugins/path_provider/ios`)
  - shared_preferences (from `.symlinks/plugins/shared_preferences/ios`)

EXTERNAL SOURCES:
  devicelocale:
    :path: ".symlinks/plugins/devicelocale/ios"
  Flutter:
    :path: ".symlinks/flutter/ios"
  flutter_stetho:
    :path: ".symlinks/plugins/flutter_stetho/ios"
  package_info:
    :path: ".symlinks/plugins/package_info/ios"
  path_provider:
    :path: ".symlinks/plugins/path_provider/ios"
  shared_preferences:
    :path: ".symlinks/plugins/shared_preferences/ios"

SPEC CHECKSUMS:
  devicelocale: feebbe5e7a30adb8c4f83185de1b50ff19b44f00
  Flutter: 58dd7d1b27887414a370fcccb9e645c08ffd7a6a
  flutter_stetho: 0e844616b41b86d6429e86a518ae3a46e83af7cd
  package_info: 78cabb3c322943c55d39676f4a5bfc748c01d055
  path_provider: f96fff6166a8867510d2c25fdcc346327cc4b259
  shared_preferences: 1feebfa37bb57264736e16865e7ffae7fc99b523

PODFILE CHECKSUM: aff02bfeed411c636180d6812254b2daeea14d09

COCOAPODS: 1.6.1
